
Microsoft Visual Studio Solution File, Format Version 12.00
# Visual Studio Version 17
VisualStudioVersion = 17.0.31903.59
MinimumVisualStudioVersion = 10.0.40219.1
Project("{FAE04EC0-301F-11D3-BF4B-00C04F79EFBC}") = "lvlapp.Android", "lvlapp\lvlapp.Android\lvlapp.Android.csproj", "{C34BD450-71DC-45F6-A064-2BE4165ED87E}"
EndProject
Project("{FAE04EC0-301F-11D3-BF4B-00C04F79EFBC}") = "lvlapp.iOS", "lvlapp\lvlapp.iOS\lvlapp.iOS.csproj", "{557B9FD6-1BE9-454C-8B2D-46F76712FBCA}"
EndProject
Project("{FAE04EC0-301F-11D3-BF4B-00C04F79EFBC}") = "lvlapp", "lvlapp\lvlapp\lvlapp.csproj", "{E2DA7323-054D-4F5B-AAE5-B48D7AF3077A}"
EndProject
Global
	GlobalSection(SolutionConfigurationPlatforms) = preSolution
		Debug|Any CPU = Debug|Any CPU
		Debug|iPhone = Debug|iPhone
		Debug|iPhoneSimulator = Debug|iPhoneSimulator
		Release|Any CPU = Release|Any CPU
		Release|iPhone = Release|iPhone
		Release|iPhoneSimulator = Release|iPhoneSimulator
	EndGlobalSection
	GlobalSection(ProjectConfigurationPlatforms) = postSolution
		{C34BD450-71DC-45F6-A064-2BE4165ED87E}.Debug|Any CPU.ActiveCfg = Debug|Any CPU
		{C34BD450-71DC-45F6-A064-2BE4165ED87E}.Debug|Any CPU.Build.0 = Debug|Any CPU
		{C34BD450-71DC-45F6-A064-2BE4165ED87E}.Debug|Any CPU.Deploy.0 = Debug|Any CPU
		{C34BD450-71DC-45F6-A064-2BE4165ED87E}.Debug|iPhone.ActiveCfg = Debug|Any CPU
		{C34BD450-71DC-45F6-A064-2BE4165ED87E}.Debug|iPhone.Build.0 = Debug|Any CPU
		{C34BD450-71DC-45F6-A064-2BE4165ED87E}.Debug|iPhone.Deploy.0 = Debug|Any CPU
		{C34BD450-71DC-45F6-A064-2BE4165ED87E}.Debug|iPhoneSimulator.ActiveCfg = Debug|Any CPU
		{C34BD450-71DC-45F6-A064-2BE4165ED87E}.Debug|iPhoneSimulator.Build.0 = Debug|Any CPU
		{C34BD450-71DC-45F6-A064-2BE4165ED87E}.Debug|iPhoneSimulator.Deploy.0 = Debug|Any CPU
		{C34BD450-71DC-45F6-A064-2BE4165ED87E}.Release|Any CPU.ActiveCfg = Release|Any CPU
		{C34BD450-71DC-45F6-A064-2BE4165ED87E}.Release|Any CPU.Build.0 = Release|Any CPU
		{C34BD450-71DC-45F6-A064-2BE4165ED87E}.Release|Any CPU.Deploy.0 = Release|Any CPU
		{C34BD450-71DC-45F6-A064-2BE4165ED87E}.Release|iPhone.ActiveCfg = Release|Any CPU
		{C34BD450-71DC-45F6-A064-2BE4165ED87E}.Release|iPhone.Build.0 = Release|Any CPU
		{C34BD450-71DC-45F6-A064-2BE4165ED87E}.Release|iPhone.Deploy.0 = Release|Any CPU
		{C34BD450-71DC-45F6-A064-2BE4165ED87E}.Release|iPhoneSimulator.ActiveCfg = Release|Any CPU
		{C34BD450-71DC-45F6-A064-2BE4165ED87E}.Release|iPhoneSimulator.Build.0 = Release|Any CPU
		{C34BD450-71DC-45F6-A064-2BE4165ED87E}.Release|iPhoneSimulator.Deploy.0 = Release|Any CPU
		{557B9FD6-1BE9-454C-8B2D-46F76712FBCA}.Debug|Any CPU.ActiveCfg = Debug|iPhone
		{557B9FD6-1BE9-454C-8B2D-46F76712FBCA}.Debug|Any CPU.Build.0 = Debug|iPhone
		{557B9FD6-1BE9-454C-8B2D-46F76712FBCA}.Debug|Any CPU.Deploy.0 = Debug|iPhone
		{557B9FD6-1BE9-454C-8B2D-46F76712FBCA}.Debug|iPhone.ActiveCfg = Debug|iPhone
		{557B9FD6-1BE9-454C-8B2D-46F76712FBCA}.Debug|iPhone.Build.0 = Debug|iPhone
		{557B9FD6-1BE9-454C-8B2D-46F76712FBCA}.Debug|iPhone.Deploy.0 = Debug|iPhone
		{557B9FD6-1BE9-454C-8B2D-46F76712FBCA}.Debug|iPhoneSimulator.ActiveCfg = Debug|iPhoneSimulator
		{557B9FD6-1BE9-454C-8B2D-46F76712FBCA}.Debug|iPhoneSimulator.Build.0 = Debug|iPhoneSimulator
		{557B9FD6-1BE9-454C-8B2D-46F76712FBCA}.Debug|iPhoneSimulator.Deploy.0 = Debug|iPhoneSimulator
		{557B9FD6-1BE9-454C-8B2D-46F76712FBCA}.Release|Any CPU.ActiveCfg = Release|iPhoneSimulator
		{557B9FD6-1BE9-454C-8B2D-46F76712FBCA}.Release|Any CPU.Build.0 = Release|iPhoneSimulator
		{557B9FD6-1BE9-454C-8B2D-46F76712FBCA}.Release|Any CPU.Deploy.0 = Release|iPhoneSimulator
		{557B9FD6-1BE9-454C-8B2D-46F76712FBCA}.Release|iPhone.ActiveCfg = Release|iPhone
		{557B9FD6-1BE9-454C-8B2D-46F76712FBCA}.Release|iPhone.Build.0 = Release|iPhone
		{557B9FD6-1BE9-454C-8B2D-46F76712FBCA}.Release|iPhone.Deploy.0 = Release|iPhone
		{557B9FD6-1BE9-454C-8B2D-46F76712FBCA}.Release|iPhoneSimulator.ActiveCfg = Release|iPhoneSimulator
		{557B9FD6-1BE9-454C-8B2D-46F76712FBCA}.Release|iPhoneSimulator.Build.0 = Release|iPhoneSimulator
		{557B9FD6-1BE9-454C-8B2D-46F76712FBCA}.Release|iPhoneSimulator.Deploy.0 = Release|iPhoneSimulator
		{E2DA7323-054D-4F5B-AAE5-B48D7AF3077A}.Debug|Any CPU.ActiveCfg = Debug|Any CPU
		{E2DA7323-054D-4F5B-AAE5-B48D7AF3077A}.Debug|Any CPU.Build.0 = Debug|Any CPU
		{E2DA7323-054D-4F5B-AAE5-B48D7AF3077A}.Debug|Any CPU.Deploy.0 = Debug|Any CPU
		{E2DA7323-054D-4F5B-AAE5-B48D7AF3077A}.Debug|iPhone.ActiveCfg = Debug|Any CPU
		{E2DA7323-054D-4F5B-AAE5-B48D7AF3077A}.Debug|iPhone.Build.0 = Debug|Any CPU
		{E2DA7323-054D-4F5B-AAE5-B48D7AF3077A}.Debug|iPhone.Deploy.0 = Debug|Any CPU
		{E2DA7323-054D-4F5B-AAE5-B48D7AF3077A}.Debug|iPhoneSimulator.ActiveCfg = Debug|Any CPU
		{E2DA7323-054D-4F5B-AAE5-B48D7AF3077A}.Debug|iPhoneSimulator.Build.0 = Debug|Any CPU
		{E2DA7323-054D-4F5B-AAE5-B48D7AF3077A}.Debug|iPhoneSimulator.Deploy.0 = Debug|Any CPU
		{E2DA7323-054D-4F5B-AAE5-B48D7AF3077A}.Release|Any CPU.ActiveCfg = Release|Any CPU
		{E2DA7323-054D-4F5B-AAE5-B48D7AF3077A}.Release|Any CPU.Build.0 = Release|Any CPU
		{E2DA7323-054D-4F5B-AAE5-B48D7AF3077A}.Release|Any CPU.Deploy.0 = Release|Any CPU
		{E2DA7323-054D-4F5B-AAE5-B48D7AF3077A}.Release|iPhone.ActiveCfg = Release|Any CPU
		{E2DA7323-054D-4F5B-AAE5-B48D7AF3077A}.Release|iPhone.Build.0 = Release|Any CPU
		{E2DA7323-054D-4F5B-AAE5-B48D7AF3077A}.Release|iPhone.Deploy.0 = Release|Any CPU
		{E2DA7323-054D-4F5B-AAE5-B48D7AF3077A}.Release|iPhoneSimulator.ActiveCfg = Release|Any CPU
		{E2DA7323-054D-4F5B-AAE5-B48D7AF3077A}.Release|iPhoneSimulator.Build.0 = Release|Any CPU
		{E2DA7323-054D-4F5B-AAE5-B48D7AF3077A}.Release|iPhoneSimulator.Deploy.0 = Release|Any CPU
	EndGlobalSection
	GlobalSection(SolutionProperties) = preSolution
		HideSolutionNode = FALSE
	EndGlobalSection
	GlobalSection(ExtensibilityGlobals) = postSolution
		SolutionGuid = {7C4B5D33-5152-4B9B-9DA4-C707F52ED606}
	EndGlobalSection
EndGlobal
